
Microsoft Visual Studio Solution File, Format Version 12.00
# Visual Studio Version 16
VisualStudioVersion = 16.0.29209.62
MinimumVisualStudioVersion = 10.0.40219.1
Project("{FAE04EC0-301F-11D3-BF4B-00C04F79EFBC}") = "CFB", "src\CFB\CFB.csproj", "{64761A0B-9FCF-4903-A052-211A380ED945}"
EndProject
Project("{FAE04EC0-301F-11D3-BF4B-00C04F79EFBC}") = "CFB.Application", "src\CFB.Application\CFB.Application.csproj", "{5F2E8AC9-1835-431E-AC58-F5C888E61901}"
EndProject
Project("{FAE04EC0-301F-11D3-BF4B-00C04F79EFBC}") = "CFB.Common", "src\CFB.Common\CFB.Common.csproj", "{F7E3E0FC-B6C6-4112-BA86-D43ECC48A956}"
EndProject
Project("{FAE04EC0-301F-11D3-BF4B-00C04F79EFBC}") = "CFB.Domain", "src\CFB.Domain\CFB.Domain.csproj", "{C72F4F49-D482-4A3C-8716-85F989DD628E}"
EndProject
Project("{FAE04EC0-301F-11D3-BF4B-00C04F79EFBC}") = "CFB.Infrastructure", "src\CFB.Infrastructure\CFB.Infrastructure.csproj", "{7C4BB5CC-DF65-4910-A020-4FC1FE872006}"
EndProject
Global
	GlobalSection(SolutionConfigurationPlatforms) = preSolution
		Debug|Any CPU = Debug|Any CPU
		Release|Any CPU = Release|Any CPU
	EndGlobalSection
	GlobalSection(ProjectConfigurationPlatforms) = postSolution
		{64761A0B-9FCF-4903-A052-211A380ED945}.Debug|Any CPU.ActiveCfg = Debug|Any CPU
		{64761A0B-9FCF-4903-A052-211A380ED945}.Debug|Any CPU.Build.0 = Debug|Any CPU
		{64761A0B-9FCF-4903-A052-211A380ED945}.Release|Any CPU.ActiveCfg = Release|Any CPU
		{64761A0B-9FCF-4903-A052-211A380ED945}.Release|Any CPU.Build.0 = Release|Any CPU
		{5F2E8AC9-1835-431E-AC58-F5C888E61901}.Debug|Any CPU.ActiveCfg = Debug|Any CPU
		{5F2E8AC9-1835-431E-AC58-F5C888E61901}.Debug|Any CPU.Build.0 = Debug|Any CPU
		{5F2E8AC9-1835-431E-AC58-F5C888E61901}.Release|Any CPU.ActiveCfg = Release|Any CPU
		{5F2E8AC9-1835-431E-AC58-F5C888E61901}.Release|Any CPU.Build.0 = Release|Any CPU
		{F7E3E0FC-B6C6-4112-BA86-D43ECC48A956}.Debug|Any CPU.ActiveCfg = Debug|Any CPU
		{F7E3E0FC-B6C6-4112-BA86-D43ECC48A956}.Debug|Any CPU.Build.0 = Debug|Any CPU
		{F7E3E0FC-B6C6-4112-BA86-D43ECC48A956}.Release|Any CPU.ActiveCfg = Release|Any CPU
		{F7E3E0FC-B6C6-4112-BA86-D43ECC48A956}.Release|Any CPU.Build.0 = Release|Any CPU
		{C72F4F49-D482-4A3C-8716-85F989DD628E}.Debug|Any CPU.ActiveCfg = Debug|Any CPU
		{C72F4F49-D482-4A3C-8716-85F989DD628E}.Debug|Any CPU.Build.0 = Debug|Any CPU
		{C72F4F49-D482-4A3C-8716-85F989DD628E}.Release|Any CPU.ActiveCfg = Release|Any CPU
		{C72F4F49-D482-4A3C-8716-85F989DD628E}.Release|Any CPU.Build.0 = Release|Any CPU
		{7C4BB5CC-DF65-4910-A020-4FC1FE872006}.Debug|Any CPU.ActiveCfg = Debug|Any CPU
		{7C4BB5CC-DF65-4910-A020-4FC1FE872006}.Debug|Any CPU.Build.0 = Debug|Any CPU
		{7C4BB5CC-DF65-4910-A020-4FC1FE872006}.Release|Any CPU.ActiveCfg = Release|Any CPU
		{7C4BB5CC-DF65-4910-A020-4FC1FE872006}.Release|Any CPU.Build.0 = Release|Any CPU
	EndGlobalSection
	GlobalSection(SolutionProperties) = preSolution
		HideSolutionNode = FALSE
	EndGlobalSection
	GlobalSection(ExtensibilityGlobals) = postSolution
		SolutionGuid = {4FDC7E61-7BC7-41C5-BE4F-ABA16C7C4302}
	EndGlobalSection
EndGlobal
